// !$*UTF8*$!
{
	archiveVersion = 1;
	classes = {
	};
	objectVersion = 50;
	objects = {

/* Begin PBXBuildFile section */
		8A0EDF7E26BB235100A96920 /* ThirdMainViewController.swift in Sources */ = {isa = PBXBuildFile; fileRef = 8A0EDF7D26BB235100A96920 /* ThirdMainViewController.swift */; };
		8A0EDF8026BB237700A96920 /* ThirdIntegratedViewController.swift in Sources */ = {isa = PBXBuildFile; fileRef = 8A0EDF7F26BB237700A96920 /* ThirdIntegratedViewController.swift */; };
		8AA5359826B9CF1A00E4380B /* AppDelegate.swift in Sources */ = {isa = PBXBuildFile; fileRef = 8AA5359726B9CF1A00E4380B /* AppDelegate.swift */; };
		8AA5359A26B9CF1A00E4380B /* SceneDelegate.swift in Sources */ = {isa = PBXBuildFile; fileRef = 8AA5359926B9CF1A00E4380B /* SceneDelegate.swift */; };
		8AA5359C26B9CF1A00E4380B /* ViewController.swift in Sources */ = {isa = PBXBuildFile; fileRef = 8AA5359B26B9CF1A00E4380B /* ViewController.swift */; };
		8AA5359F26B9CF1A00E4380B /* Main.storyboard in Resources */ = {isa = PBXBuildFile; fileRef = 8AA5359D26B9CF1A00E4380B /* Main.storyboard */; };
		8AA535A126B9CF1C00E4380B /* Assets.xcassets in Resources */ = {isa = PBXBuildFile; fileRef = 8AA535A026B9CF1C00E4380B /* Assets.xcassets */; };
		8AA535A426B9CF1C00E4380B /* LaunchScreen.storyboard in Resources */ = {isa = PBXBuildFile; fileRef = 8AA535A226B9CF1C00E4380B /* LaunchScreen.storyboard */; };
		8AA535AC26B9D34100E4380B /* ChangeViewController.swift in Sources */ = {isa = PBXBuildFile; fileRef = 8AA535AB26B9D34100E4380B /* ChangeViewController.swift */; };
		8AA535AE26B9D72600E4380B /* ChangeButtonViewController.swift in Sources */ = {isa = PBXBuildFile; fileRef = 8AA535AD26B9D72600E4380B /* ChangeButtonViewController.swift */; };
/* End PBXBuildFile section */

/* Begin PBXFileReference section */
		8A0EDF7D26BB235100A96920 /* ThirdMainViewController.swift */ = {isa = PBXFileReference; lastKnownFileType = sourcecode.swift; path = ThirdMainViewController.swift; sourceTree = "<group>"; };
		8A0EDF7F26BB237700A96920 /* ThirdIntegratedViewController.swift */ = {isa = PBXFileReference; lastKnownFileType = sourcecode.swift; path = ThirdIntegratedViewController.swift; sourceTree = "<group>"; };
		8AA5359426B9CF1A00E4380B /* HomeWork7.app */ = {isa = PBXFileReference; explicitFileType = wrapper.application; includeInIndex = 0; path = HomeWork7.app; sourceTree = BUILT_PRODUCTS_DIR; };
		8AA5359726B9CF1A00E4380B /* AppDelegate.swift */ = {isa = PBXFileReference; lastKnownFileType = sourcecode.swift; path = AppDelegate.swift; sourceTree = "<group>"; };
		8AA5359926B9CF1A00E4380B /* SceneDelegate.swift */ = {isa = PBXFileReference; lastKnownFileType = sourcecode.swift; path = SceneDelegate.swift; sourceTree = "<group>"; };
		8AA5359B26B9CF1A00E4380B /* ViewController.swift */ = {isa = PBXFileReference; lastKnownFileType = sourcecode.swift; path = ViewController.swift; sourceTree = "<group>"; };
		8AA5359E26B9CF1A00E4380B /* Base */ = {isa = PBXFileReference; lastKnownFileType = file.storyboard; name = Base; path = Base.lproj/Main.storyboard; sourceTree = "<group>"; };
		8AA535A026B9CF1C00E4380B /* Assets.xcassets */ = {isa = PBXFileReference; lastKnownFileType = folder.assetcatalog; path = Assets.xcassets; sourceTree = "<group>"; };
		8AA535A326B9CF1C00E4380B /* Base */ = {isa = PBXFileReference; lastKnownFileType = file.storyboard; name = Base; path = Base.lproj/LaunchScreen.storyboard; sourceTree = "<group>"; };
		8AA535A526B9CF1C00E4380B /* Info.plist */ = {isa = PBXFileReference; lastKnownFileType = text.plist.xml; path = Info.plist; sourceTree = "<group>"; };
		8AA535AB26B9D34100E4380B /* ChangeViewController.swift */ = {isa = PBXFileReference; lastKnownFileType = sourcecode.swift; path = ChangeViewController.swift; sourceTree = "<group>"; };
		8AA535AD26B9D72600E4380B /* ChangeButtonViewController.swift */ = {isa = PBXFileReference; lastKnownFileType = sourcecode.swift; path = ChangeButtonViewController.swift; sourceTree = "<group>"; };
/* End PBXFileReference section */

/* Begin PBXFrameworksBuildPhase section */
		8AA5359126B9CF1A00E4380B /* Frameworks */ = {
			isa = PBXFrameworksBuildPhase;
			buildActionMask = 2147483647;
			files = (
			);
			runOnlyForDeploymentPostprocessing = 0;
		};
/* End PBXFrameworksBuildPhase section */

/* Begin PBXGroup section */
		8AA5358B26B9CF1A00E4380B = {
			isa = PBXGroup;
			children = (
				8AA5359626B9CF1A00E4380B /* HomeWork7 */,
				8AA5359526B9CF1A00E4380B /* Products */,
			);
			sourceTree = "<group>";
		};
		8AA5359526B9CF1A00E4380B /* Products */ = {
			isa = PBXGroup;
			children = (
				8AA5359426B9CF1A00E4380B /* HomeWork7.app */,
			);
			name = Products;
			sourceTree = "<group>";
		};
		8AA5359626B9CF1A00E4380B /* HomeWork7 */ = {
			isa = PBXGroup;
			children = (
				8AA5359726B9CF1A00E4380B /* AppDelegate.swift */,
				8AA5359926B9CF1A00E4380B /* SceneDelegate.swift */,
				8AA5359B26B9CF1A00E4380B /* ViewController.swift */,
				8AA5359D26B9CF1A00E4380B /* Main.storyboard */,
				8A0EDF7F26BB237700A96920 /* ThirdIntegratedViewController.swift */,
				8A0EDF7D26BB235100A96920 /* ThirdMainViewController.swift */,
				8AA535AB26B9D34100E4380B /* ChangeViewController.swift */,
				8AA535AD26B9D72600E4380B /* ChangeButtonViewController.swift */,
				8AA535A026B9CF1C00E4380B /* Assets.xcassets */,
				8AA535A226B9CF1C00E4380B /* LaunchScreen.storyboard */,
				8AA535A526B9CF1C00E4380B /* Info.plist */,
			);
			path = HomeWork7;
			sourceTree = "<group>";
		};
/* End PBXGroup section */

/* Begin PBXNativeTarget section */
		8AA5359326B9CF1A00E4380B /* HomeWork7 */ = {
			isa = PBXNativeTarget;
			buildConfigurationList = 8AA535A826B9CF1C00E4380B /* Build configuration list for PBXNativeTarget "HomeWork7" */;
			buildPhases = (
				8AA5359026B9CF1A00E4380B /* Sources */,
				8AA5359126B9CF1A00E4380B /* Frameworks */,
				8AA5359226B9CF1A00E4380B /* Resources */,
			);
			buildRules = (
			);
			dependencies = (
			);
			name = HomeWork7;
			productName = HomeWork7;
			productReference = 8AA5359426B9CF1A00E4380B /* HomeWork7.app */;
			productType = "com.apple.product-type.application";
		};
/* End PBXNativeTarget section */

/* Begin PBXProject section */
		8AA5358C26B9CF1A00E4380B /* Project object */ = {
			isa = PBXProject;
			attributes = {
				LastSwiftUpdateCheck = 1250;
				LastUpgradeCheck = 1250;
				TargetAttributes = {
					8AA5359326B9CF1A00E4380B = {
						CreatedOnToolsVersion = 12.5.1;
					};
				};
			};
			buildConfigurationList = 8AA5358F26B9CF1A00E4380B /* Build configuration list for PBXProject "HomeWork7" */;
			compatibilityVersion = "Xcode 9.3";
			developmentRegion = en;
			hasScannedForEncodings = 0;
			knownRegions = (
				en,
				Base,
			);
			mainGroup = 8AA5358B26B9CF1A00E4380B;
			productRefGroup = 8AA5359526B9CF1A00E4380B /* Products */;
			projectDirPath = "";
			projectRoot = "";
			targets = (
				8AA5359326B9CF1A00E4380B /* HomeWork7 */,
			);
		};
/* End PBXProject section */

/* Begin PBXResourcesBuildPhase section */
		8AA5359226B9CF1A00E4380B /* Resources */ = {
			isa = PBXResourcesBuildPhase;
			buildActionMask = 2147483647;
			files = (
				8AA535A426B9CF1C00E4380B /* LaunchScreen.storyboard in Resources */,
				8AA535A126B9CF1C00E4380B /* Assets.xcassets in Resources */,
				8AA5359F26B9CF1A00E4380B /* Main.storyboard in Resources */,
			);
			runOnlyForDeploymentPostprocessing = 0;
		};
/* End PBXResourcesBuildPhase section */

/* Begin PBXSourcesBuildPhase section */
		8AA5359026B9CF1A00E4380B /* Sources */ = {
			isa = PBXSourcesBuildPhase;
			buildActionMask = 2147483647;
			files = (
				8A0EDF8026BB237700A96920 /* ThirdIntegratedViewController.swift in Sources */,
				8AA5359C26B9CF1A00E4380B /* ViewController.swift in Sources */,
				8A0EDF7E26BB235100A96920 /* ThirdMainViewController.swift in Sources */,
				8AA535AE26B9D72600E4380B /* ChangeButtonViewController.swift in Sources */,
				8AA5359826B9CF1A00E4380B /* AppDelegate.swift in Sources */,
				8AA535AC26B9D34100E4380B /* ChangeViewController.swift in Sources */,
				8AA5359A26B9CF1A00E4380B /* SceneDelegate.swift in Sources */,
			);
			runOnlyForDeploymentPostprocessing = 0;
		};
/* End PBXSourcesBuildPhase section */

/* Begin PBXVariantGroup section */
		8AA5359D26B9CF1A00E4380B /* Main.storyboard */ = {
			isa = PBXVariantGroup;
			children = (
				8AA5359E26B9CF1A00E4380B /* Base */,
			);
			name = Main.storyboard;
			sourceTree = "<group>";
		};
		8AA535A226B9CF1C00E4380B /* LaunchScreen.storyboard */ = {
			isa = PBXVariantGroup;
			children = (
				8AA535A326B9CF1C00E4380B /* Base */,
			);
			name = LaunchScreen.storyboard;
			sourceTree = "<group>";
		};
/* End PBXVariantGroup section */

/* Begin XCBuildConfiguration section */
		8AA535A626B9CF1C00E4380B /* Debug */ = {
			isa = XCBuildConfiguration;
			buildSettings = {
				ALWAYS_SEARCH_USER_PATHS = NO;
				CLANG_ANALYZER_NONNULL = YES;
				CLANG_ANALYZER_NUMBER_OBJECT_CONVERSION = YES_AGGRESSIVE;
				CLANG_CXX_LANGUAGE_STANDARD = "gnu++14";
				CLANG_CXX_LIBRARY = "libc++";
				CLANG_ENABLE_MODULES = YES;
				CLANG_ENABLE_OBJC_ARC = YES;
				CLANG_ENABLE_OBJC_WEAK = YES;
				CLANG_WARN_BLOCK_CAPTURE_AUTORELEASING = YES;
				CLANG_WARN_BOOL_CONVERSION = YES;
				CLANG_WARN_COMMA = YES;
				CLANG_WARN_CONSTANT_CONVERSION = YES;
				CLANG_WARN_DEPRECATED_OBJC_IMPLEMENTATIONS = YES;
				CLANG_WARN_DIRECT_OBJC_ISA_USAGE = YES_ERROR;
				CLANG_WARN_DOCUMENTATION_COMMENTS = YES;
				CLANG_WARN_EMPTY_BODY = YES;
				CLANG_WARN_ENUM_CONVERSION = YES;
				CLANG_WARN_INFINITE_RECURSION = YES;
				CLANG_WARN_INT_CONVERSION = YES;
				CLANG_WARN_NON_LITERAL_NULL_CONVERSION = YES;
				CLANG_WARN_OBJC_IMPLICIT_RETAIN_SELF = YES;
				CLANG_WARN_OBJC_LITERAL_CONVERSION = YES;
				CLANG_WARN_OBJC_ROOT_CLASS = YES_ERROR;
				CLANG_WARN_QUOTED_INCLUDE_IN_FRAMEWORK_HEADER = YES;
				CLANG_WARN_RANGE_LOOP_ANALYSIS = YES;
				CLANG_WARN_STRICT_PROTOTYPES = YES;
				CLANG_WARN_SUSPICIOUS_MOVE = YES;
				CLANG_WARN_UNGUARDED_AVAILABILITY = YES_AGGRESSIVE;
				CLANG_WARN_UNREACHABLE_CODE = YES;
				CLANG_WARN__DUPLICATE_METHOD_MATCH = YES;
				COPY_PHASE_STRIP = NO;
				DEBUG_INFORMATION_FORMAT = dwarf;
				ENABLE_STRICT_OBJC_MSGSEND = YES;
				ENABLE_TESTABILITY = YES;
				GCC_C_LANGUAGE_STANDARD = gnu11;
				GCC_DYNAMIC_NO_PIC = NO;
				GCC_NO_COMMON_BLOCKS = YES;
				GCC_OPTIMIZATION_LEVEL = 0;
				GCC_PREPROCESSOR_DEFINITIONS = (
					"DEBUG=1",
					"$(inherited)",
				);
				GCC_WARN_64_TO_32_BIT_CONVERSION = YES;
				GCC_WARN_ABOUT_RETURN_TYPE = YES_ERROR;
				GCC_WARN_UNDECLARED_SELECTOR = YES;
				GCC_WARN_UNINITIALIZED_AUTOS = YES_AGGRESSIVE;
				GCC_WARN_UNUSED_FUNCTION = YES;
				GCC_WARN_UNUSED_VARIABLE = YES;
				IPHONEOS_DEPLOYMENT_TARGET = 14.5;
				MTL_ENABLE_DEBUG_INFO = INCLUDE_SOURCE;
				MTL_FAST_MATH = YES;
				ONLY_ACTIVE_ARCH = YES;
				SDKROOT = iphoneos;
				SWIFT_ACTIVE_COMPILATION_CONDITIONS = DEBUG;
				SWIFT_OPTIMIZATION_LEVEL = "-Onone";
			};
			name = Debug;
		};
		8AA535A726B9CF1C00E4380B /* Release */ = {
			isa = XCBuildConfiguration;
			buildSettings = {
				ALWAYS_SEARCH_USER_PATHS = NO;
				CLANG_ANALYZER_NONNULL = YES;
				CLANG_ANALYZER_NUMBER_OBJECT_CONVERSION = YES_AGGRESSIVE;
				CLANG_CXX_LANGUAGE_STANDARD = "gnu++14";
				CLANG_CXX_LIBRARY = "libc++";
				CLANG_ENABLE_MODULES = YES;
				CLANG_ENABLE_OBJC_ARC = YES;
				CLANG_ENABLE_OBJC_WEAK = YES;
				CLANG_WARN_BLOCK_CAPTURE_AUTORELEASING = YES;
				CLANG_WARN_BOOL_CONVERSION = YES;
				CLANG_WARN_COMMA = YES;
				CLANG_WARN_CONSTANT_CONVERSION = YES;
				CLANG_WARN_DEPRECATED_OBJC_IMPLEMENTATIONS = YES;
				CLANG_WARN_DIRECT_OBJC_ISA_USAGE = YES_ERROR;
				CLANG_WARN_DOCUMENTATION_COMMENTS = YES;
				CLANG_WARN_EMPTY_BODY = YES;
				CLANG_WARN_ENUM_CONVERSION = YES;
				CLANG_WARN_INFINITE_RECURSION = YES;
				CLANG_WARN_INT_CONVERSION = YES;
				CLANG_WARN_NON_LITERAL_NULL_CONVERSION = YES;
				CLANG_WARN_OBJC_IMPLICIT_RETAIN_SELF = YES;
				CLANG_WARN_OBJC_LITERAL_CONVERSION = YES;
				CLANG_WARN_OBJC_ROOT_CLASS = YES_ERROR;
				CLANG_WARN_QUOTED_INCLUDE_IN_FRAMEWORK_HEADER = YES;
				CLANG_WARN_RANGE_LOOP_ANALYSIS = YES;
				CLANG_WARN_STRICT_PROTOTYPES = YES;
				CLANG_WARN_SUSPICIOUS_MOVE = YES;
				CLANG_WARN_UNGUARDED_AVAILABILITY = YES_AGGRESSIVE;
				CLANG_WARN_UNREACHABLE_CODE = YES;
				CLANG_WARN__DUPLICATE_METHOD_MATCH = YES;
				COPY_PHASE_STRIP = NO;
				DEBUG_INFORMATION_FORMAT = "dwarf-with-dsym";
				ENABLE_NS_ASSERTIONS = NO;
				ENABLE_STRICT_OBJC_MSGSEND = YES;
				GCC_C_LANGUAGE_STANDARD = gnu11;
				GCC_NO_COMMON_BLOCKS = YES;
				GCC_WARN_64_TO_32_BIT_CONVERSION = YES;
				GCC_WARN_ABOUT_RETURN_TYPE = YES_ERROR;
				GCC_WARN_UNDECLARED_SELECTOR = YES;
				GCC_WARN_UNINITIALIZED_AUTOS = YES_AGGRESSIVE;
				GCC_WARN_UNUSED_FUNCTION = YES;
				GCC_WARN_UNUSED_VARIABLE = YES;
				IPHONEOS_DEPLOYMENT_TARGET = 14.5;
				MTL_ENABLE_DEBUG_INFO = NO;
				MTL_FAST_MATH = YES;
				SDKROOT = iphoneos;
				SWIFT_COMPILATION_MODE = wholemodule;
				SWIFT_OPTIMIZATION_LEVEL = "-O";
				VALIDATE_PRODUCT = YES;
			};
			name = Release;
		};
		8AA535A926B9CF1C00E4380B /* Debug */ = {
			isa = XCBuildConfiguration;
			buildSettings = {
				ASSETCATALOG_COMPILER_APPICON_NAME = AppIcon;
				ASSETCATALOG_COMPILER_GLOBAL_ACCENT_COLOR_NAME = AccentColor;
				CODE_SIGN_STYLE = Automatic;
				DEVELOPMENT_TEAM = R23FPGC4LC;
				INFOPLIST_FILE = HomeWork7/Info.plist;
				LD_RUNPATH_SEARCH_PATHS = (
					"$(inherited)",
					"@executable_path/Frameworks",
				);
				PRODUCT_BUNDLE_IDENTIFIER = SwiftLearn.HomeWork7;
				PRODUCT_NAME = "$(TARGET_NAME)";
				SWIFT_VERSION = 5.0;
				TARGETED_DEVICE_FAMILY = "1,2";
			};
			name = Debug;
		};
		8AA535AA26B9CF1C00E4380B /* Release */ = {
			isa = XCBuildConfiguration;
			buildSettings = {
				ASSETCATALOG_COMPILER_APPICON_NAME = AppIcon;
				ASSETCATALOG_COMPILER_GLOBAL_ACCENT_COLOR_NAME = AccentColor;
				CODE_SIGN_STYLE = Automatic;
				DEVELOPMENT_TEAM = R23FPGC4LC;
				INFOPLIST_FILE = HomeWork7/Info.plist;
				LD_RUNPATH_SEARCH_PATHS = (
					"$(inherited)",
					"@executable_path/Frameworks",
				);
				PRODUCT_BUNDLE_IDENTIFIER = SwiftLearn.HomeWork7;
				PRODUCT_NAME = "$(TARGET_NAME)";
				SWIFT_VERSION = 5.0;
				TARGETED_DEVICE_FAMILY = "1,2";
			};
			name = Release;
		};
/* End XCBuildConfiguration section */

/* Begin XCConfigurationList section */
		8AA5358F26B9CF1A00E4380B /* Build configuration list for PBXProject "HomeWork7" */ = {
			isa = XCConfigurationList;
			buildConfigurations = (
				8AA535A626B9CF1C00E4380B /* Debug */,
				8AA535A726B9CF1C00E4380B /* Release */,
			);
			defaultConfigurationIsVisible = 0;
			defaultConfigurationName = Release;
		};
		8AA535A826B9CF1C00E4380B /* Build configuration list for PBXNativeTarget "HomeWork7" */ = {
			isa = XCConfigurationList;
			buildConfigurations = (
				8AA535A926B9CF1C00E4380B /* Debug */,
				8AA535AA26B9CF1C00E4380B /* Release */,
			);
			defaultConfigurationIsVisible = 0;
			defaultConfigurationName = Release;
		};
/* End XCConfigurationList section */
	};
	rootObject = 8AA5358C26B9CF1A00E4380B /* Project object */;
}
